PODS:
  - KMConfigure (0.0.1)
  - KMModuleA (0.0.1):
    - KMConfigure
    - KMRouter
  - KMModuleB (0.0.1):
    - KMConfigure
    - KMRouter
  - KMModuleC (0.0.1):
    - KMConfigure
    - KMRouter
  - KMModuleD (0.0.1):
    - KMConfigure
    - KMRouter
  - KMRouter (0.1.5):
    - KMTools
  - KMTools (0.1.1)

DEPENDENCIES:
  - KMConfigure (from `./KMConfigure/`)
  - KMModuleA (from `./KMModuleA/`)
  - KMModuleB (from `./KMModuleB/`)
  - KMModuleC (from `./KMModuleC/`)
  - KMModuleD (from `./KMModuleD/`)
  - KMRouter (from `../`)

SPEC REPOS:
  https://gitee.com/zhenlove/zhenSpecs.git:
    - KMTools

EXTERNAL SOURCES:
  KMConfigure:
    :path: "./KMConfigure/"
  KMModuleA:
    :path: "./KMModuleA/"
  KMModuleB:
    :path: "./KMModuleB/"
  KMModuleC:
    :path: "./KMModuleC/"
  KMModuleD:
    :path: "./KMModuleD/"
  KMRouter:
    :path: "../"

SPEC CHECKSUMS:
  KMConfigure: 079f827433783599568b36fb482c3239cfdb2053
  KMModuleA: d73ed76bfb402fae53575e7cfeaf66bfc9214c64
  KMModuleB: c6681e73e205b6d4c29a3d9a2644866f46d07835
  KMModuleC: 18c85a5882a61bc8e705143faec0c6de8c36de32
  KMModuleD: b7df1a13468fb2f0fcd3676fd9dc28c700a76053
  KMRouter: 6dd1da3b1a29eebeab0e0e95b35635a5403ccd4b
  KMTools: b639b57a59f255f090993260ccd82d38e2877ea3

PODFILE CHECKSUM: 58021b2400a376703256649ad94c7d1677880868

COCOAPODS: 1.9.2
