// !$*UTF8*$!
{
	archiveVersion = 1;
	classes = {
	};
	objectVersion = 50;
	objects = {

/* Begin PBXBuildFile section */
		64E4C96C228051B9001B8547 /* AppDelegate.swift in Sources */ = {isa = PBXBuildFile; fileRef = 64E4C96B228051B9001B8547 /* AppDelegate.swift */; };
		64E4C96E228051B9001B8547 /* ViewController.swift in Sources */ = {isa = PBXBuildFile; fileRef = 64E4C96D228051B9001B8547 /* ViewController.swift */; };
		64E4C971228051B9001B8547 /* Main.storyboard in Resources */ = {isa = PBXBuildFile; fileRef = 64E4C96F228051B9001B8547 /* Main.storyboard */; };
		64E4C973228051BA001B8547 /* Assets.xcassets in Resources */ = {isa = PBXBuildFile; fileRef = 64E4C972228051BA001B8547 /* Assets.xcassets */; };
		64E4C976228051BA001B8547 /* LaunchScreen.storyboard in Resources */ = {isa = PBXBuildFile; fileRef = 64E4C974228051BA001B8547 /* LaunchScreen.storyboard */; };
		8E89BA338639592704736B01 /* libPods-KMRouter-Example.a in Frameworks */ = {isa = PBXBuildFile; fileRef = 1F93252A51F495FA3F6C2601 /* libPods-KMRouter-Example.a */; };
/* End PBXBuildFile section */

/* Begin PBXFileReference section */
		0CB6C9C274080272E17F5F40 /* Pods-KMRouter-Example.release.xcconfig */ = {isa = PBXFileReference; includeInIndex = 1; lastKnownFileType = text.xcconfig; name = "Pods-KMRouter-Example.release.xcconfig"; path = "Target Support Files/Pods-KMRouter-Example/Pods-KMRouter-Example.release.xcconfig"; sourceTree = "<group>"; };
		1F93252A51F495FA3F6C2601 /* libPods-KMRouter-Example.a */ = {isa = PBXFileReference; explicitFileType = archive.ar; includeInIndex = 0; path = "libPods-KMRouter-Example.a"; sourceTree = BUILT_PRODUCTS_DIR; };
		56DACA0BD7D6C7B710BEF902 /* Pods-KMRouter-Example.debug.xcconfig */ = {isa = PBXFileReference; includeInIndex = 1; lastKnownFileType = text.xcconfig; name = "Pods-KMRouter-Example.debug.xcconfig"; path = "Target Support Files/Pods-KMRouter-Example/Pods-KMRouter-Example.debug.xcconfig"; sourceTree = "<group>"; };
		64E4C968228051B9001B8547 /* KMRouter-Example.app */ = {isa = PBXFileReference; explicitFileType = wrapper.application; includeInIndex = 0; path = "KMRouter-Example.app"; sourceTree = BUILT_PRODUCTS_DIR; };
		64E4C96B228051B9001B8547 /* AppDelegate.swift */ = {isa = PBXFileReference; lastKnownFileType = sourcecode.swift; path = AppDelegate.swift; sourceTree = "<group>"; };
		64E4C96D228051B9001B8547 /* ViewController.swift */ = {isa = PBXFileReference; lastKnownFileType = sourcecode.swift; path = ViewController.swift; sourceTree = "<group>"; };
		64E4C970228051B9001B8547 /* Base */ = {isa = PBXFileReference; lastKnownFileType = file.storyboard; name = Base; path = Base.lproj/Main.storyboard; sourceTree = "<group>"; };
		64E4C972228051BA001B8547 /* Assets.xcassets */ = {isa = PBXFileReference; lastKnownFileType = folder.assetcatalog; path = Assets.xcassets; sourceTree = "<group>"; };
		64E4C975228051BA001B8547 /* Base */ = {isa = PBXFileReference; lastKnownFileType = file.storyboard; name = Base; path = Base.lproj/LaunchScreen.storyboard; sourceTree = "<group>"; };
		64E4C977228051BA001B8547 /* Info.plist */ = {isa = PBXFileReference; lastKnownFileType = text.plist.xml; path = Info.plist; sourceTree = "<group>"; };
/* End PBXFileReference section */

/* Begin PBXFrameworksBuildPhase section */
		64E4C965228051B9001B8547 /* Frameworks */ = {
			isa = PBXFrameworksBuildPhase;
			buildActionMask = 2147483647;
			files = (
				8E89BA338639592704736B01 /* libPods-KMRouter-Example.a in Frameworks */,
			);
			runOnlyForDeploymentPostprocessing = 0;
		};
/* End PBXFrameworksBuildPhase section */

/* Begin PBXGroup section */
		20274C4F9964F37BEB43E87C /* Frameworks */ = {
			isa = PBXGroup;
			children = (
				1F93252A51F495FA3F6C2601 /* libPods-KMRouter-Example.a */,
			);
			name = Frameworks;
			sourceTree = "<group>";
		};
		64E4C95F228051B9001B8547 = {
			isa = PBXGroup;
			children = (
				64E4C96A228051B9001B8547 /* KMRouter-Example */,
				64E4C969228051B9001B8547 /* Products */,
				20274C4F9964F37BEB43E87C /* Frameworks */,
				D43CD2475261CE13CDC7CACC /* Pods */,
			);
			sourceTree = "<group>";
		};
		64E4C969228051B9001B8547 /* Products */ = {
			isa = PBXGroup;
			children = (
				64E4C968228051B9001B8547 /* KMRouter-Example.app */,
			);
			name = Products;
			sourceTree = "<group>";
		};
		64E4C96A228051B9001B8547 /* KMRouter-Example */ = {
			isa = PBXGroup;
			children = (
				64E4C96B228051B9001B8547 /* AppDelegate.swift */,
				64E4C96D228051B9001B8547 /* ViewController.swift */,
				64E4C96F228051B9001B8547 /* Main.storyboard */,
				64E4C972228051BA001B8547 /* Assets.xcassets */,
				64E4C974228051BA001B8547 /* LaunchScreen.storyboard */,
				64E4C977228051BA001B8547 /* Info.plist */,
			);
			path = "KMRouter-Example";
			sourceTree = "<group>";
		};
		D43CD2475261CE13CDC7CACC /* Pods */ = {
			isa = PBXGroup;
			children = (
				56DACA0BD7D6C7B710BEF902 /* Pods-KMRouter-Example.debug.xcconfig */,
				0CB6C9C274080272E17F5F40 /* Pods-KMRouter-Example.release.xcconfig */,
			);
			path = Pods;
			sourceTree = "<group>";
		};
/* End PBXGroup section */

/* Begin PBXNativeTarget section */
		64E4C967228051B9001B8547 /* KMRouter-Example */ = {
			isa = PBXNativeTarget;
			buildConfigurationList = 64E4C97A228051BA001B8547 /* Build configuration list for PBXNativeTarget "KMRouter-Example" */;
			buildPhases = (
				B5E307E7B1A3CB9D8D61D217 /* [CP] Check Pods Manifest.lock */,
				64E4C964228051B9001B8547 /* Sources */,
				64E4C965228051B9001B8547 /* Frameworks */,
				64E4C966228051B9001B8547 /* Resources */,
			);
			buildRules = (
			);
			dependencies = (
			);
			name = "KMRouter-Example";
			productName = "KMRouter-Example";
			productReference = 64E4C968228051B9001B8547 /* KMRouter-Example.app */;
			productType = "com.apple.product-type.application";
		};
/* End PBXNativeTarget section */

/* Begin PBXProject section */
		64E4C960228051B9001B8547 /* Project object */ = {
			isa = PBXProject;
			attributes = {
				LastSwiftUpdateCheck = 1020;
				LastUpgradeCheck = 1020;
				ORGANIZATIONNAME = KM;
				TargetAttributes = {
					64E4C967228051B9001B8547 = {
						CreatedOnToolsVersion = 10.2.1;
					};
				};
			};
			buildConfigurationList = 64E4C963228051B9001B8547 /* Build configuration list for PBXProject "KMRouter-Example" */;
			compatibilityVersion = "Xcode 9.3";
			developmentRegion = en;
			hasScannedForEncodings = 0;
			knownRegions = (
				en,
				Base,
			);
			mainGroup = 64E4C95F228051B9001B8547;
			productRefGroup = 64E4C969228051B9001B8547 /* Products */;
			projectDirPath = "";
			projectRoot = "";
			targets = (
				64E4C967228051B9001B8547 /* KMRouter-Example */,
			);
		};
/* End PBXProject section */

/* Begin PBXResourcesBuildPhase section */
		64E4C966228051B9001B8547 /* Resources */ = {
			isa = PBXResourcesBuildPhase;
			buildActionMask = 2147483647;
			files = (
				64E4C976228051BA001B8547 /* LaunchScreen.storyboard in Resources */,
				64E4C973228051BA001B8547 /* Assets.xcassets in Resources */,
				64E4C971228051B9001B8547 /* Main.storyboard in Resources */,
			);
			runOnlyForDeploymentPostprocessing = 0;
		};
/* End PBXResourcesBuildPhase section */

/* Begin PBXShellScriptBuildPhase section */
		B5E307E7B1A3CB9D8D61D217 /* [CP] Check Pods Manifest.lock */ = {
			isa = PBXShellScriptBuildPhase;
			buildActionMask = 2147483647;
			files = (
			);
			inputFileListPaths = (
			);
			inputPaths = (
				"${PODS_PODFILE_DIR_PATH}/Podfile.lock",
				"${PODS_ROOT}/Manifest.lock",
			);
			name = "[CP] Check Pods Manifest.lock";
			outputFileListPaths = (
			);
			outputPaths = (
				"$(DERIVED_FILE_DIR)/Pods-KMRouter-Example-checkManifestLockResult.txt",
			);
			runOnlyForDeploymentPostprocessing = 0;
			shellPath = /bin/sh;
			shellScript = "diff \"${PODS_PODFILE_DIR_PATH}/Podfile.lock\" \"${PODS_ROOT}/Manifest.lock\" > /dev/null\nif [ $? != 0 ] ; then\n    # print error to STDERR\n    echo \"error: The sandbox is not in sync with the Podfile.lock. Run 'pod install' or update your CocoaPods installation.\" >&2\n    exit 1\nfi\n# This output is used by Xcode 'outputs' to avoid re-running this script phase.\necho \"SUCCESS\" > \"${SCRIPT_OUTPUT_FILE_0}\"\n";
			showEnvVarsInLog = 0;
		};
/* End PBXShellScriptBuildPhase section */

/* Begin PBXSourcesBuildPhase section */
		64E4C964228051B9001B8547 /* Sources */ = {
			isa = PBXSourcesBuildPhase;
			buildActionMask = 2147483647;
			files = (
				64E4C96E228051B9001B8547 /* ViewController.swift in Sources */,
				64E4C96C228051B9001B8547 /* AppDelegate.swift in Sources */,
			);
			runOnlyForDeploymentPostprocessing = 0;
		};
/* End PBXSourcesBuildPhase section */

/* Begin PBXVariantGroup section */
		64E4C96F228051B9001B8547 /* Main.storyboard */ = {
			isa = PBXVariantGroup;
			children = (
				64E4C970228051B9001B8547 /* Base */,
			);
			name = Main.storyboard;
			sourceTree = "<group>";
		};
		64E4C974228051BA001B8547 /* LaunchScreen.storyboard */ = {
			isa = PBXVariantGroup;
			children = (
				64E4C975228051BA001B8547 /* Base */,
			);
			name = LaunchScreen.storyboard;
			sourceTree = "<group>";
		};
/* End PBXVariantGroup section */

/* Begin XCBuildConfiguration section */
		64E4C978228051BA001B8547 /* Debug */ = {
			isa = XCBuildConfiguration;
			buildSettings = {
				ALWAYS_SEARCH_USER_PATHS = NO;
				CLANG_ANALYZER_NONNULL = YES;
				CLANG_ANALYZER_NUMBER_OBJECT_CONVERSION = YES_AGGRESSIVE;
				CLANG_CXX_LANGUAGE_STANDARD = "gnu++14";
				CLANG_CXX_LIBRARY = "libc++";
				CLANG_ENABLE_MODULES = YES;
				CLANG_ENABLE_OBJC_ARC = YES;
				CLANG_ENABLE_OBJC_WEAK = YES;
				CLANG_WARN_BLOCK_CAPTURE_AUTORELEASING = YES;
				CLANG_WARN_BOOL_CONVERSION = YES;
				CLANG_WARN_COMMA = YES;
				CLANG_WARN_CONSTANT_CONVERSION = YES;
				CLANG_WARN_DEPRECATED_OBJC_IMPLEMENTATIONS = YES;
				CLANG_WARN_DIRECT_OBJC_ISA_USAGE = YES_ERROR;
				CLANG_WARN_DOCUMENTATION_COMMENTS = YES;
				CLANG_WARN_EMPTY_BODY = YES;
				CLANG_WARN_ENUM_CONVERSION = YES;
				CLANG_WARN_INFINITE_RECURSION = YES;
				CLANG_WARN_INT_CONVERSION = YES;
				CLANG_WARN_NON_LITERAL_NULL_CONVERSION = YES;
				CLANG_WARN_OBJC_IMPLICIT_RETAIN_SELF = YES;
				CLANG_WARN_OBJC_LITERAL_CONVERSION = YES;
				CLANG_WARN_OBJC_ROOT_CLASS = YES_ERROR;
				CLANG_WARN_RANGE_LOOP_ANALYSIS = YES;
				CLANG_WARN_STRICT_PROTOTYPES = YES;
				CLANG_WARN_SUSPICIOUS_MOVE = YES;
				CLANG_WARN_UNGUARDED_AVAILABILITY = YES_AGGRESSIVE;
				CLANG_WARN_UNREACHABLE_CODE = YES;
				CLANG_WARN__DUPLICATE_METHOD_MATCH = YES;
				CODE_SIGN_IDENTITY = "iPhone Developer";
				COPY_PHASE_STRIP = NO;
				DEBUG_INFORMATION_FORMAT = dwarf;
				ENABLE_STRICT_OBJC_MSGSEND = YES;
				ENABLE_TESTABILITY = YES;
				GCC_C_LANGUAGE_STANDARD = gnu11;
				GCC_DYNAMIC_NO_PIC = NO;
				GCC_NO_COMMON_BLOCKS = YES;
				GCC_OPTIMIZATION_LEVEL = 0;
				GCC_PREPROCESSOR_DEFINITIONS = (
					"DEBUG=1",
					"$(inherited)",
				);
				GCC_WARN_64_TO_32_BIT_CONVERSION = YES;
				GCC_WARN_ABOUT_RETURN_TYPE = YES_ERROR;
				GCC_WARN_UNDECLARED_SELECTOR = YES;
				GCC_WARN_UNINITIALIZED_AUTOS = YES_AGGRESSIVE;
				GCC_WARN_UNUSED_FUNCTION = YES;
				GCC_WARN_UNUSED_VARIABLE = YES;
				IPHONEOS_DEPLOYMENT_TARGET = 10.0;
				MTL_ENABLE_DEBUG_INFO = INCLUDE_SOURCE;
				MTL_FAST_MATH = YES;
				ONLY_ACTIVE_ARCH = YES;
				SDKROOT = iphoneos;
				SWIFT_ACTIVE_COMPILATION_CONDITIONS = DEBUG;
				SWIFT_OPTIMIZATION_LEVEL = "-Onone";
			};
			name = Debug;
		};
		64E4C979228051BA001B8547 /* Release */ = {
			isa = XCBuildConfiguration;
			buildSettings = {
				ALWAYS_SEARCH_USER_PATHS = NO;
				CLANG_ANALYZER_NONNULL = YES;
				CLANG_ANALYZER_NUMBER_OBJECT_CONVERSION = YES_AGGRESSIVE;
				CLANG_CXX_LANGUAGE_STANDARD = "gnu++14";
				CLANG_CXX_LIBRARY = "libc++";
				CLANG_ENABLE_MODULES = YES;
				CLANG_ENABLE_OBJC_ARC = YES;
				CLANG_ENABLE_OBJC_WEAK = YES;
				CLANG_WARN_BLOCK_CAPTURE_AUTORELEASING = YES;
				CLANG_WARN_BOOL_CONVERSION = YES;
				CLANG_WARN_COMMA = YES;
				CLANG_WARN_CONSTANT_CONVERSION = YES;
				CLANG_WARN_DEPRECATED_OBJC_IMPLEMENTATIONS = YES;
				CLANG_WARN_DIRECT_OBJC_ISA_USAGE = YES_ERROR;
				CLANG_WARN_DOCUMENTATION_COMMENTS = YES;
				CLANG_WARN_EMPTY_BODY = YES;
				CLANG_WARN_ENUM_CONVERSION = YES;
				CLANG_WARN_INFINITE_RECURSION = YES;
				CLANG_WARN_INT_CONVERSION = YES;
				CLANG_WARN_NON_LITERAL_NULL_CONVERSION = YES;
				CLANG_WARN_OBJC_IMPLICIT_RETAIN_SELF = YES;
				CLANG_WARN_OBJC_LITERAL_CONVERSION = YES;
				CLANG_WARN_OBJC_ROOT_CLASS = YES_ERROR;
				CLANG_WARN_RANGE_LOOP_ANALYSIS = YES;
				CLANG_WARN_STRICT_PROTOTYPES = YES;
				CLANG_WARN_SUSPICIOUS_MOVE = YES;
				CLANG_WARN_UNGUARDED_AVAILABILITY = YES_AGGRESSIVE;
				CLANG_WARN_UNREACHABLE_CODE = YES;
				CLANG_WARN__DUPLICATE_METHOD_MATCH = YES;
				CODE_SIGN_IDENTITY = "iPhone Developer";
				COPY_PHASE_STRIP = NO;
				DEBUG_INFORMATION_FORMAT = "dwarf-with-dsym";
				ENABLE_NS_ASSERTIONS = NO;
				ENABLE_STRICT_OBJC_MSGSEND = YES;
				GCC_C_LANGUAGE_STANDARD = gnu11;
				GCC_NO_COMMON_BLOCKS = YES;
				GCC_WARN_64_TO_32_BIT_CONVERSION = YES;
				GCC_WARN_ABOUT_RETURN_TYPE = YES_ERROR;
				GCC_WARN_UNDECLARED_SELECTOR = YES;
				GCC_WARN_UNINITIALIZED_AUTOS = YES_AGGRESSIVE;
				GCC_WARN_UNUSED_FUNCTION = YES;
				GCC_WARN_UNUSED_VARIABLE = YES;
				IPHONEOS_DEPLOYMENT_TARGET = 10.0;
				MTL_ENABLE_DEBUG_INFO = NO;
				MTL_FAST_MATH = YES;
				SDKROOT = iphoneos;
				SWIFT_COMPILATION_MODE = wholemodule;
				SWIFT_OPTIMIZATION_LEVEL = "-O";
				VALIDATE_PRODUCT = YES;
			};
			name = Release;
		};
		64E4C97B228051BA001B8547 /* Debug */ = {
			isa = XCBuildConfiguration;
			baseConfigurationReference = 56DACA0BD7D6C7B710BEF902 /* Pods-KMRouter-Example.debug.xcconfig */;
			buildSettings = {
				ASSETCATALOG_COMPILER_APPICON_NAME = AppIcon;
				CODE_SIGN_STYLE = Automatic;
				DEVELOPMENT_TEAM = XYBK7B7U6R;
				INFOPLIST_FILE = "KMRouter-Example/Info.plist";
				LD_RUNPATH_SEARCH_PATHS = (
					"$(inherited)",
					"@executable_path/Frameworks",
				);
				PRODUCT_BUNDLE_IDENTIFIER = "com.kmcloud.KMRouter-Example";
				PRODUCT_NAME = "$(TARGET_NAME)";
				SWIFT_VERSION = 5.0;
				TARGETED_DEVICE_FAMILY = "1,2";
			};
			name = Debug;
		};
		64E4C97C228051BA001B8547 /* Release */ = {
			isa = XCBuildConfiguration;
			baseConfigurationReference = 0CB6C9C274080272E17F5F40 /* Pods-KMRouter-Example.release.xcconfig */;
			buildSettings = {
				ASSETCATALOG_COMPILER_APPICON_NAME = AppIcon;
				CODE_SIGN_STYLE = Automatic;
				DEVELOPMENT_TEAM = XYBK7B7U6R;
				INFOPLIST_FILE = "KMRouter-Example/Info.plist";
				LD_RUNPATH_SEARCH_PATHS = (
					"$(inherited)",
					"@executable_path/Frameworks",
				);
				PRODUCT_BUNDLE_IDENTIFIER = "com.kmcloud.KMRouter-Example";
				PRODUCT_NAME = "$(TARGET_NAME)";
				SWIFT_VERSION = 5.0;
				TARGETED_DEVICE_FAMILY = "1,2";
			};
			name = Release;
		};
/* End XCBuildConfiguration section */

/* Begin XCConfigurationList section */
		64E4C963228051B9001B8547 /* Build configuration list for PBXProject "KMRouter-Example" */ = {
			isa = XCConfigurationList;
			buildConfigurations = (
				64E4C978228051BA001B8547 /* Debug */,
				64E4C979228051BA001B8547 /* Release */,
			);
			defaultConfigurationIsVisible = 0;
			defaultConfigurationName = Release;
		};
		64E4C97A228051BA001B8547 /* Build configuration list for PBXNativeTarget "KMRouter-Example" */ = {
			isa = XCConfigurationList;
			buildConfigurations = (
				64E4C97B228051BA001B8547 /* Debug */,
				64E4C97C228051BA001B8547 /* Release */,
			);
			defaultConfigurationIsVisible = 0;
			defaultConfigurationName = Release;
		};
/* End XCConfigurationList section */
	};
	rootObject = 64E4C960228051B9001B8547 /* Project object */;
}
